github.com/dejavuai-inc/photon-go-wrappers/es v0.0.0-20240615002226-5a41c9dc194b h1:ZizsDJCkPOZEjor+mGh47ebytFDevpzWOsU8va2cNuQ=
github.com/dejavuai-inc/photon-go-wrappers/es v0.0.0-20240615002226-5a41c9dc194b/go.mod h1:wmCeNGHU3Yltqj8N8dMe0gvP2pBV5lruW1dcGIMrErk=
github.com/dejavuai-inc/photon-go-wrappers/es v0.0.0-20240615183422-6ad172d1ef28 h1:B/oDrFiF7vW0+dqCKFkaYpWgeBh1OnqjBP5HkmJ2G80=
github.com/dejavuai-inc/photon-go-wrappers/es v0.0.0-20240615183422-6ad172d1ef28/go.mod h1:T/FW9Ynzkn0lUd87AlCcdd7tRrEQ5fCYREos1BvnUzA=
